
Microsoft Visual Studio Solution File, Format Version 12.00
# Visual Studio Version 16
VisualStudioVersion = 16.0.30011.22
MinimumVisualStudioVersion = 10.0.40219.1
Project("{FAE04EC0-301F-11D3-BF4B-00C04F79EFBC}") = "Api", "Api\Api.csproj", "{CEC5B6EF-6412-4A9C-8F77-C3E48AEA2C28}"
EndProject
Project("{FAE04EC0-301F-11D3-BF4B-00C04F79EFBC}") = "Angular", "Angular\Angular.csproj", "{4F86AD31-9C2E-4A7E-90F2-4E16E4E97770}"
EndProject
Global
	GlobalSection(SolutionConfigurationPlatforms) = preSolution
		Debug|Any CPU = Debug|Any CPU
		Release|Any CPU = Release|Any CPU
	EndGlobalSection
	GlobalSection(ProjectConfigurationPlatforms) = postSolution
		{CEC5B6EF-6412-4A9C-8F77-C3E48AEA2C28}.Debug|Any CPU.ActiveCfg = Debug|Any CPU
		{CEC5B6EF-6412-4A9C-8F77-C3E48AEA2C28}.Debug|Any CPU.Build.0 = Debug|Any CPU
		{CEC5B6EF-6412-4A9C-8F77-C3E48AEA2C28}.Release|Any CPU.ActiveCfg = Release|Any CPU
		{CEC5B6EF-6412-4A9C-8F77-C3E48AEA2C28}.Release|Any CPU.Build.0 = Release|Any CPU
		{4F86AD31-9C2E-4A7E-90F2-4E16E4E97770}.Debug|Any CPU.ActiveCfg = Debug|Any CPU
		{4F86AD31-9C2E-4A7E-90F2-4E16E4E97770}.Debug|Any CPU.Build.0 = Debug|Any CPU
		{4F86AD31-9C2E-4A7E-90F2-4E16E4E97770}.Release|Any CPU.ActiveCfg = Release|Any CPU
		{4F86AD31-9C2E-4A7E-90F2-4E16E4E97770}.Release|Any CPU.Build.0 = Release|Any CPU
	EndGlobalSection
	GlobalSection(SolutionProperties) = preSolution
		HideSolutionNode = FALSE
	EndGlobalSection
	GlobalSection(ExtensibilityGlobals) = postSolution
		SolutionGuid = {517E1556-1A33-47DF-99AC-1BBB73D197A3}
	EndGlobalSection
EndGlobal
